
Microsoft Visual Studio Solution File, Format Version 12.00
# Visual Studio 15
VisualStudioVersion = 15.0.28010.2050
MinimumVisualStudioVersion = 10.0.40219.1
Project("{FAE04EC0-301F-11D3-BF4B-00C04F79EFBC}") = "KassaTicket", "KassaTicket\KassaTicket.csproj", "{62F07286-4CEF-4DFF-A97E-0A5A41D1CFD2}"
EndProject
Global
	GlobalSection(SolutionConfigurationPlatforms) = preSolution
		Debug|Any CPU = Debug|Any CPU
		Release|Any CPU = Release|Any CPU
	EndGlobalSection
	GlobalSection(ProjectConfigurationPlatforms) = postSolution
		{62F07286-4CEF-4DFF-A97E-0A5A41D1CFD2}.Debug|Any CPU.ActiveCfg = Debug|Any CPU
		{62F07286-4CEF-4DFF-A97E-0A5A41D1CFD2}.Debug|Any CPU.Build.0 = Debug|Any CPU
		{62F07286-4CEF-4DFF-A97E-0A5A41D1CFD2}.Release|Any CPU.ActiveCfg = Release|Any CPU
		{62F07286-4CEF-4DFF-A97E-0A5A41D1CFD2}.Release|Any CPU.Build.0 = Release|Any CPU
	EndGlobalSection
	GlobalSection(SolutionProperties) = preSolution
		HideSolutionNode = FALSE
	EndGlobalSection
	GlobalSection(ExtensibilityGlobals) = postSolution
		SolutionGuid = {97E5C379-AF2C-44E6-B881-4471E6868FB0}
	EndGlobalSection
EndGlobal
